
Microsoft Visual Studio Solution File, Format Version 12.00
# Visual Studio 15
VisualStudioVersion = 15.0.33403.129
MinimumVisualStudioVersion = 10.0.40219.1
Project("{2150E333-8FDC-42A3-9474-1A3956D46DE8}") = "FrontEnd", "FrontEnd", "{BF55E9CD-9E66-40C6-95AD-E79B955D0022}"
	ProjectSection(SolutionItems) = preProject
		FrontEnd\.editorconfig = FrontEnd\.editorconfig
		FrontEnd\.gitignore = FrontEnd\.gitignore
		FrontEnd\angular.json = FrontEnd\angular.json
		FrontEnd\css = FrontEnd\css
		FrontEnd\package-lock.json = FrontEnd\package-lock.json
		FrontEnd\package.json = FrontEnd\package.json
		FrontEnd\README.md = FrontEnd\README.md
		FrontEnd\tsconfig.json = FrontEnd\tsconfig.json
		FrontEnd\tslint.json = FrontEnd\tslint.json
	EndProjectSection
EndProject
Project("{2150E333-8FDC-42A3-9474-1A3956D46DE8}") = "InterviewTest", "InterviewTest", "{32205E94-4E89-4842-B87B-ECA50B79E932}"
	ProjectSection(SolutionItems) = preProject
		InterviewTest\appsettings.Development.json = InterviewTest\appsettings.Development.json
		InterviewTest\appsettings.json = InterviewTest\appsettings.json
		InterviewTest\InterviewTest.csproj = InterviewTest\InterviewTest.csproj
		InterviewTest\Program.cs = InterviewTest\Program.cs
		InterviewTest\Startup.cs = InterviewTest\Startup.cs
	EndProjectSection
EndProject
Global
	GlobalSection(SolutionProperties) = preSolution
		HideSolutionNode = FALSE
	EndGlobalSection
	GlobalSection(ExtensibilityGlobals) = postSolution
		SolutionGuid = {B931B2E0-5863-4E6C-B3EC-2F63041A0C07}
	EndGlobalSection
EndGlobal
